
Microsoft Visual Studio Solution File, Format Version 12.00
# Visual Studio Version 17
VisualStudioVersion = 17.3.32819.101
MinimumVisualStudioVersion = 10.0.40219.1
Project("{FAE04EC0-301F-11D3-BF4B-00C04F79EFBC}") = "PhotoModeApp", "PhotoModeApp\PhotoModeApp.csproj", "{14C5C6DB-4C0E-4E9B-A2E5-6E418550CD03}"
EndProject
Global
	GlobalSection(SolutionConfigurationPlatforms) = preSolution
		Debug|Any CPU = Debug|Any CPU
		Release|Any CPU = Release|Any CPU
	EndGlobalSection
	GlobalSection(ProjectConfigurationPlatforms) = postSolution
		{14C5C6DB-4C0E-4E9B-A2E5-6E418550CD03}.Debug|Any CPU.ActiveCfg = Debug|Any CPU
		{14C5C6DB-4C0E-4E9B-A2E5-6E418550CD03}.Debug|Any CPU.Build.0 = Debug|Any CPU
		{14C5C6DB-4C0E-4E9B-A2E5-6E418550CD03}.Release|Any CPU.ActiveCfg = Release|Any CPU
		{14C5C6DB-4C0E-4E9B-A2E5-6E418550CD03}.Release|Any CPU.Build.0 = Release|Any CPU
	EndGlobalSection
	GlobalSection(SolutionProperties) = preSolution
		HideSolutionNode = FALSE
	EndGlobalSection
	GlobalSection(ExtensibilityGlobals) = postSolution
		SolutionGuid = {F2F398BA-F2CA-467D-AEE5-13E351663AF7}
	EndGlobalSection
EndGlobal
